# This file is autogenerated, do not edit; changes may be undone by the next 'dep ensure'.


[[projects]]
  branch = "master"
  digest = "1:d7363c0481f5f62372a2f4c14304f524ab66686b23ad0b204a76e799a6a20ce0"
  name = "github.com/bradfitz/go-smtpd"
  packages = ["smtpd"]
  pruneopts = "UT"
  revision = "deb6d623762522f8ad4a55b952001e4215a76cf4"

[[projects]]
  branch = "master"
  digest = "1:7427036b6d926b3d1fa0773771820735b35554a98296f1074df440ee30a97296"
  name = "golang.org/x/net"
  packages = ["websocket"]
  pruneopts = "UT"
  revision = "161cd47e91fd58ac17490ef4d742dc98bb4cf60e"

[solve-meta]
  analyzer-name = "dep"
  analyzer-version = 1
  input-imports = [
    "github.com/bradfitz/go-smtpd/smtpd",
    "golang.org/x/net/websocket",
  ]
  solver-name = "gps-cdcl"
  solver-version = 1
